
Microsoft Visual Studio Solution File, Format Version 12.00
# Visual Studio Version 16
VisualStudioVersion = 16.0.30804.86
MinimumVisualStudioVersion = 10.0.40219.1
Project("{FAE04EC0-301F-11D3-BF4B-00C04F79EFBC}") = "QueueMonitoring", "QueueMonitoring\QueueMonitoring.csproj", "{EFECCFF1-6AAC-4D07-AC26-AC48A685FE5B}"
EndProject
Global
	GlobalSection(SolutionConfigurationPlatforms) = preSolution
		Debug|Any CPU = Debug|Any CPU
		Release|Any CPU = Release|Any CPU
	EndGlobalSection
	GlobalSection(ProjectConfigurationPlatforms) = postSolution
		{EFECCFF1-6AAC-4D07-AC26-AC48A685FE5B}.Debug|Any CPU.ActiveCfg = Debug|Any CPU
		{EFECCFF1-6AAC-4D07-AC26-AC48A685FE5B}.Debug|Any CPU.Build.0 = Debug|Any CPU
		{EFECCFF1-6AAC-4D07-AC26-AC48A685FE5B}.Release|Any CPU.ActiveCfg = Release|Any CPU
		{EFECCFF1-6AAC-4D07-AC26-AC48A685FE5B}.Release|Any CPU.Build.0 = Release|Any CPU
	EndGlobalSection
	GlobalSection(SolutionProperties) = preSolution
		HideSolutionNode = FALSE
	EndGlobalSection
	GlobalSection(ExtensibilityGlobals) = postSolution
		SolutionGuid = {930232A6-FDDE-4C21-9A19-05197F776581}
	EndGlobalSection
EndGlobal
